
Microsoft Visual Studio Solution File, Format Version 12.00
# Visual Studio Version 17
VisualStudioVersion = 17.14.36518.9 d17.14
MinimumVisualStudioVersion = 10.0.40219.1
Project("{FAE04EC0-301F-11D3-BF4B-00C04F79EFBC}") = "SeleniumTests", "SeleniumTests\SeleniumTests.csproj", "{1BFCA657-5CA5-4C81-8413-06FF772A0F26}"
EndProject
Global
	GlobalSection(SolutionConfigurationPlatforms) = preSolution
		Debug|Any CPU = Debug|Any CPU
		Release|Any CPU = Release|Any CPU
	EndGlobalSection
	GlobalSection(ProjectConfigurationPlatforms) = postSolution
		{1BFCA657-5CA5-4C81-8413-06FF772A0F26}.Debug|Any CPU.ActiveCfg = Debug|Any CPU
		{1BFCA657-5CA5-4C81-8413-06FF772A0F26}.Debug|Any CPU.Build.0 = Debug|Any CPU
		{1BFCA657-5CA5-4C81-8413-06FF772A0F26}.Release|Any CPU.ActiveCfg = Release|Any CPU
		{1BFCA657-5CA5-4C81-8413-06FF772A0F26}.Release|Any CPU.Build.0 = Release|Any CPU
	EndGlobalSection
	GlobalSection(SolutionProperties) = preSolution
		HideSolutionNode = FALSE
	EndGlobalSection
	GlobalSection(ExtensibilityGlobals) = postSolution
		SolutionGuid = {D8D49FF6-A0A9-4CB8-86D4-F2F3BEDCD85A}
	EndGlobalSection
EndGlobal
